
Microsoft Visual Studio Solution File, Format Version 12.00
# Visual Studio Version 17
VisualStudioVersion = 17.7.34221.43
MinimumVisualStudioVersion = 10.0.40219.1
Project("{FAE04EC0-301F-11D3-BF4B-00C04F79EFBC}") = "PIZZA_c#_assignment", "PIZZA_c#_assignment\PIZZA_c#_assignment.csproj", "{CE6E1FCB-F334-4D60-B1AB-C983889D67A0}"
EndProject
Global
	GlobalSection(SolutionConfigurationPlatforms) = preSolution
		Debug|Any CPU = Debug|Any CPU
		Release|Any CPU = Release|Any CPU
	EndGlobalSection
	GlobalSection(ProjectConfigurationPlatforms) = postSolution
		{CE6E1FCB-F334-4D60-B1AB-C983889D67A0}.Debug|Any CPU.ActiveCfg = Debug|Any CPU
		{CE6E1FCB-F334-4D60-B1AB-C983889D67A0}.Debug|Any CPU.Build.0 = Debug|Any CPU
		{CE6E1FCB-F334-4D60-B1AB-C983889D67A0}.Release|Any CPU.ActiveCfg = Release|Any CPU
		{CE6E1FCB-F334-4D60-B1AB-C983889D67A0}.Release|Any CPU.Build.0 = Release|Any CPU
	EndGlobalSection
	GlobalSection(SolutionProperties) = preSolution
		HideSolutionNode = FALSE
	EndGlobalSection
	GlobalSection(ExtensibilityGlobals) = postSolution
		SolutionGuid = {1CEA3FCA-5583-4AF7-BC6C-81856BF7183A}
	EndGlobalSection
EndGlobal
